
Microsoft Visual Studio Solution File, Format Version 12.00
# Visual Studio Version 16
VisualStudioVersion = 16.0.29728.190
MinimumVisualStudioVersion = 10.0.40219.1
Project("{FAE04EC0-301F-11D3-BF4B-00C04F79EFBC}") = "textAdventureGameV2", "textAdventureGameV2\textAdventureGameV2.csproj", "{F13B99E7-B95A-4041-A39B-C644A83A6B4B}"
EndProject
Global
	GlobalSection(SolutionConfigurationPlatforms) = preSolution
		Debug|Any CPU = Debug|Any CPU
		Release|Any CPU = Release|Any CPU
	EndGlobalSection
	GlobalSection(ProjectConfigurationPlatforms) = postSolution
		{F13B99E7-B95A-4041-A39B-C644A83A6B4B}.Debug|Any CPU.ActiveCfg = Debug|Any CPU
		{F13B99E7-B95A-4041-A39B-C644A83A6B4B}.Debug|Any CPU.Build.0 = Debug|Any CPU
		{F13B99E7-B95A-4041-A39B-C644A83A6B4B}.Release|Any CPU.ActiveCfg = Release|Any CPU
		{F13B99E7-B95A-4041-A39B-C644A83A6B4B}.Release|Any CPU.Build.0 = Release|Any CPU
	EndGlobalSection
	GlobalSection(SolutionProperties) = preSolution
		HideSolutionNode = FALSE
	EndGlobalSection
	GlobalSection(ExtensibilityGlobals) = postSolution
		SolutionGuid = {34F57394-5C06-4D36-9BCB-551BBBC5871F}
	EndGlobalSection
EndGlobal
